# Generated by conda-lock.
# platform: linux-64
# input_hash: e9ffc23f9a25b7b4e28838a71e1ebce6886058d633960e1a609779bfd492f4a6
@EXPLICIT
https://conda.anaconda.org/conda-forge/linux-64/_libgcc_mutex-0.1-conda_forge.tar.bz2#d7c89558ba9fa0495403155b64376d81
https://conda.anaconda.org/conda-forge/linux-64/ca-certificates-2024.8.30-hbcca054_0.conda#c27d1c142233b5bc9ca570c6e2e0c244
https://conda.anaconda.org/conda-forge/linux-64/python_abi-3.13-5_cp313.conda#381bbd2a92c863f640a55b6ff3c35161
https://conda.anaconda.org/conda-forge/noarch/tzdata-2024b-hc8b5060_0.conda#8ac3367aafb1cc0a068483c580af8015
https://conda.anaconda.org/conda-forge/linux-64/ld_impl_linux-64-2.43-h712a8e2_2.conda#048b02e3962f066da18efe3a21b77672
https://conda.anaconda.org/conda-forge/linux-64/libgomp-14.2.0-h77fa898_1.conda#cc3573974587f12dda90d96e3e55a702
https://conda.anaconda.org/conda-forge/linux-64/_openmp_mutex-4.5-2_gnu.tar.bz2#73aaf86a425cc6e73fcf236a5a46396d
https://conda.anaconda.org/conda-forge/linux-64/libgcc-14.2.0-h77fa898_1.conda#3cb76c3f10d3bc7f1105b2fc9db984df
https://conda.anaconda.org/conda-forge/linux-64/libbrotlicommon-1.1.0-hb9d3cd8_2.conda#41b599ed2b02abcfdd84302bff174b23
https://conda.anaconda.org/conda-forge/linux-64/libdeflate-1.22-hb9d3cd8_0.conda#b422943d5d772b7cc858b36ad2a92db5
https://conda.anaconda.org/conda-forge/linux-64/libexpat-2.6.3-h5888daf_0.conda#59f4c43bb1b5ef1c71946ff2cbf59524
https://conda.anaconda.org/conda-forge/linux-64/libgcc-ng-14.2.0-h69a702a_1.conda#e39480b9ca41323497b05492a63bc35b
https://conda.anaconda.org/conda-forge/linux-64/libgfortran5-14.2.0-hd5240d6_1.conda#9822b874ea29af082e5d36098d25427d
https://conda.anaconda.org/conda-forge/linux-64/libstdcxx-14.2.0-hc0a3c3a_1.conda#234a5554c53625688d51062645337328
https://conda.anaconda.org/conda-forge/linux-64/libzlib-1.3.1-hb9d3cd8_2.conda#edb0dca6bc32e4f4789199455a1dbeb8
https://conda.anaconda.org/conda-forge/linux-64/openssl-3.3.2-hb9d3cd8_0.conda#4d638782050ab6faa27275bed57e9b4e
https://conda.anaconda.org/conda-forge/linux-64/pthread-stubs-0.4-hb9d3cd8_1002.conda#b3c17d95b5a10c6e64a21fa17573e70e
https://conda.anaconda.org/conda-forge/linux-64/xorg-libxau-1.0.11-hb9d3cd8_1.conda#77cbc488235ebbaab2b6e912d3934bae
https://conda.anaconda.org/conda-forge/linux-64/xorg-libxdmcp-1.1.5-hb9d3cd8_0.conda#8035c64cb77ed555e3f150b7b3972480
https://conda.anaconda.org/conda-forge/linux-64/bzip2-1.0.8-h4bc722e_7.conda#62ee74e96c5ebb0af99386de58cf9553
https://conda.anaconda.org/conda-forge/linux-64/keyutils-1.6.1-h166bdaf_0.tar.bz2#30186d27e2c9fa62b45fb1476b7200e3
https://conda.anaconda.org/conda-forge/linux-64/libbrotlidec-1.1.0-hb9d3cd8_2.conda#9566f0bd264fbd463002e759b8a82401
https://conda.anaconda.org/conda-forge/linux-64/libbrotlienc-1.1.0-hb9d3cd8_2.conda#06f70867945ea6a84d35836af780f1de
https://conda.anaconda.org/conda-forge/linux-64/libffi-3.4.2-h7f98852_5.tar.bz2#d645c6d2ac96843a2bfaccd2d62b3ac3
https://conda.anaconda.org/conda-forge/linux-64/libgettextpo-0.22.5-he02047a_3.conda#efab66b82ec976930b96d62a976de8e7
https://conda.anaconda.org/conda-forge/linux-64/libgfortran-14.2.0-h69a702a_1.conda#f1fd30127802683586f768875127a987
https://conda.anaconda.org/conda-forge/linux-64/libjpeg-turbo-3.0.0-hd590300_1.conda#ea25936bb4080d843790b586850f82b8
https://conda.anaconda.org/conda-forge/linux-64/libmpdec-4.0.0-h4bc722e_0.conda#aeb98fdeb2e8f25d43ef71fbacbeec80
https://conda.anaconda.org/conda-forge/linux-64/libpng-1.6.44-hadc24fc_0.conda#f4cc49d7aa68316213e4b12be35308d1
https://conda.anaconda.org/conda-forge/linux-64/libsodium-1.0.20-h4ab18f5_0.conda#a587892d3c13b6621a6091be690dbca2
https://conda.anaconda.org/conda-forge/linux-64/libsqlite-3.47.0-hadc24fc_1.conda#b6f02b52a174e612e89548f4663ce56a
https://conda.anaconda.org/conda-forge/linux-64/libstdcxx-ng-14.2.0-h4852527_1.conda#8371ac6457591af2cf6159439c1fd051
https://conda.anaconda.org/conda-forge/linux-64/libuuid-2.38.1-h0b41bf4_0.conda#40b61aab5c7ba9ff276c41cfffe6b80b
https://conda.anaconda.org/conda-forge/linux-64/libwebp-base-1.4.0-hd590300_0.conda#b26e8aa824079e1be0294e7152ca4559
https://conda.anaconda.org/conda-forge/linux-64/libxcb-1.17.0-h8a09558_0.conda#92ed62436b625154323d40d5f2f11dd7
https://conda.anaconda.org/conda-forge/linux-64/ncurses-6.5-he02047a_1.conda#70caf8bb6cf39a0b6b7efc885f51c0fe
https://conda.anaconda.org/conda-forge/linux-64/tk-8.6.13-noxft_h4845f30_101.conda#d453b98d9c83e71da0741bb0ff4d76bc
https://conda.anaconda.org/conda-forge/linux-64/xz-5.2.6-h166bdaf_0.tar.bz2#2161070d867d1b1204ea749c8eec4ef0
https://conda.anaconda.org/conda-forge/linux-64/brotli-bin-1.1.0-hb9d3cd8_2.conda#c63b5e52939e795ba8d26e35d767a843
https://conda.anaconda.org/conda-forge/linux-64/freetype-2.12.1-h267a509_2.conda#9ae35c3d96db2c94ce0cef86efdfa2cb
https://conda.anaconda.org/conda-forge/linux-64/gmp-6.3.0-hac33072_2.conda#c94a5994ef49749880a8139cf9afcbe1
https://conda.anaconda.org/conda-forge/linux-64/lerc-4.0.0-h27087fc_0.tar.bz2#76bbff344f0134279f225174e9064c8f
https://conda.anaconda.org/conda-forge/linux-64/libasprintf-0.22.5-he8f35ee_3.conda#4fab9799da9571266d05ca5503330655
https://conda.anaconda.org/conda-forge/linux-64/libedit-3.1.20191231-he28a2e2_2.tar.bz2#4d331e44109e3f0e19b4cb8f9b82f3e1
https://conda.anaconda.org/conda-forge/linux-64/libgfortran-ng-14.2.0-h69a702a_1.conda#0a7f4cd238267c88e5d69f7826a407eb
https://conda.anaconda.org/conda-forge/linux-64/libopenblas-0.3.28-pthreads_h94d23a6_1.conda#62857b389e42b36b686331bec0922050
https://conda.anaconda.org/conda-forge/linux-64/qhull-2020.2-h434a139_5.conda#353823361b1d27eb3960efb076dfcaf6
https://conda.anaconda.org/conda-forge/linux-64/readline-8.2-h8228510_1.conda#47d31b792659ce70f470b5c82fdfb7a4
https://conda.anaconda.org/conda-forge/linux-64/zstd-1.5.6-ha6fb4c9_0.conda#4d056880988120e29d75bfff282e0f45
https://conda.anaconda.org/conda-forge/linux-64/brotli-1.1.0-hb9d3cd8_2.conda#98514fe74548d768907ce7a13f680e8f
https://conda.anaconda.org/conda-forge/linux-64/fftw-3.3.10-nompi_hf1063bd_110.conda#ee3e687b78b778db7b304e5b00a4dca6
https://conda.anaconda.org/conda-forge/linux-64/krb5-1.21.3-h659f571_0.conda#3f43953b7d3fb3aaa1d0d0723d91e368
https://conda.anaconda.org/conda-forge/linux-64/libblas-3.9.0-25_linux64_openblas.conda#8ea26d42ca88ec5258802715fe1ee10b
https://conda.anaconda.org/conda-forge/linux-64/libtiff-4.7.0-he137b08_1.conda#63872517c98aa305da58a757c443698e
https://conda.anaconda.org/conda-forge/linux-64/mpfr-4.2.1-h90cbb55_3.conda#2eeb50cab6652538eee8fc0bc3340c81
https://conda.anaconda.org/conda-forge/linux-64/python-3.13.0-h9ebbce0_100_cp313.conda#08e9aef080f33daeb192b2ddc7e4721f
https://conda.anaconda.org/conda-forge/noarch/blinker-1.8.2-pyhd8ed1ab_0.conda#cf85c002319c15e9721934104aaa1137
https://conda.anaconda.org/conda-forge/noarch/certifi-2024.8.30-pyhd8ed1ab_0.conda#12f7d00853807b0531775e9be891cb11
https://conda.anaconda.org/conda-forge/noarch/click-8.1.7-unix_pyh707e725_0.conda#f3ad426304898027fc619827ff428eca
https://conda.anaconda.org/conda-forge/noarch/cycler-0.12.1-pyhd8ed1ab_0.conda#5cd86562580f274031ede6aa6aa24441
https://conda.anaconda.org/conda-forge/linux-64/debugpy-1.8.7-py313h46c70d0_0.conda#20476f3c3a8a61560fa249e0d6514ab4
https://conda.anaconda.org/conda-forge/noarch/decorator-5.1.1-pyhd8ed1ab_0.tar.bz2#43afe5ab04e35e17ba28649471dd7364
https://conda.anaconda.org/conda-forge/noarch/exceptiongroup-1.2.2-pyhd8ed1ab_0.conda#d02ae936e42063ca46af6cdad2dbd1e0
https://conda.anaconda.org/conda-forge/noarch/executing-2.1.0-pyhd8ed1ab_0.conda#d0441db20c827c11721889a241df1220
https://conda.anaconda.org/conda-forge/linux-64/gawk-5.3.1-hcd3d067_0.conda#91d4414ab699180b2b0b10b8112c5a2f
https://conda.anaconda.org/conda-forge/noarch/itsdangerous-2.2.0-pyhd8ed1ab_0.conda#ff7ca04134ee8dde1d7cf491a78ef7c7
https://conda.anaconda.org/conda-forge/linux-64/kiwisolver-1.4.7-py313h33d0bda_0.conda#9862d13a5e466273d5a4738cffcb8d6c
https://conda.anaconda.org/conda-forge/linux-64/lcms2-2.16-hb7c19ff_0.conda#51bb7010fc86f70eee639b4bb7a894f5
https://conda.anaconda.org/conda-forge/linux-64/libcblas-3.9.0-25_linux64_openblas.conda#5dbd1b0fc0d01ec5e0e1fbe667281a11
https://conda.anaconda.org/conda-forge/linux-64/liblapack-3.9.0-25_linux64_openblas.conda#4dc03a53fc69371a6158d0ed37214cd3
https://conda.anaconda.org/conda-forge/linux-64/markupsafe-3.0.2-py313h8060acc_0.conda#ab825f8b676368beb91350c6a2da6e11
https://conda.anaconda.org/conda-forge/noarch/munkres-1.1.4-pyh9f0ad1d_0.tar.bz2#2ba8498c1018c1e9c61eb99b973dfe19
https://conda.anaconda.org/conda-forge/noarch/nest-asyncio-1.6.0-pyhd8ed1ab_0.conda#6598c056f64dc8800d40add25e4e2c34
https://conda.anaconda.org/conda-forge/linux-64/openjpeg-2.5.2-h488ebb8_0.conda#7f2e286780f072ed750df46dc2631138
https://conda.anaconda.org/conda-forge/noarch/packaging-24.1-pyhd8ed1ab_0.conda#cbe1bb1f21567018ce595d9c2be0f0db
https://conda.anaconda.org/conda-forge/noarch/parso-0.8.4-pyhd8ed1ab_0.conda#81534b420deb77da8833f2289b8d47ac
https://conda.anaconda.org/conda-forge/noarch/pickleshare-0.7.5-py_1003.tar.bz2#415f0ebb6198cc2801c73438a9fb5761
https://conda.anaconda.org/conda-forge/noarch/platformdirs-4.3.6-pyhd8ed1ab_0.conda#fd8f2b18b65bbf62e8f653100690c8d2
https://conda.anaconda.org/conda-forge/linux-64/psutil-6.1.0-py313h536fd9c_0.conda#b50a00ebd2fda55306b8a095363ce27f
https://conda.anaconda.org/conda-forge/noarch/ptyprocess-0.7.0-pyhd3deb0d_0.tar.bz2#359eeb6536da0e687af562ed265ec263
https://conda.anaconda.org/conda-forge/noarch/pure_eval-0.2.3-pyhd8ed1ab_0.conda#0f051f09d992e0d08941706ad519ee0e
https://conda.anaconda.org/conda-forge/noarch/pygments-2.18.0-pyhd8ed1ab_0.conda#b7f5c092b8f9800150d998a71b76d5a1
https://conda.anaconda.org/conda-forge/noarch/pyparsing-3.2.0-pyhd8ed1ab_1.conda#035c17fbf099f50ff60bf2eb303b0a83
https://conda.anaconda.org/conda-forge/noarch/python-tzdata-2024.2-pyhd8ed1ab_0.conda#986287f89929b2d629bd6ef6497dc307
https://conda.anaconda.org/conda-forge/noarch/pytz-2024.1-pyhd8ed1ab_0.conda#3eeeeb9e4827ace8c0c1419c85d590ad
https://conda.anaconda.org/conda-forge/noarch/six-1.16.0-pyh6c4a22f_0.tar.bz2#e5f25f8dbc060e9a8d912e432202afc2
https://conda.anaconda.org/conda-forge/linux-64/tornado-6.4.1-py313h536fd9c_1.conda#70b5b6dfd7d1760cd59849e2271d937b
https://conda.anaconda.org/conda-forge/noarch/traitlets-5.14.3-pyhd8ed1ab_0.conda#3df84416a021220d8b5700c613af2dc5
https://conda.anaconda.org/conda-forge/noarch/typing_extensions-4.12.2-pyha770c72_0.conda#ebe6952715e1d5eb567eeebf25250fa7
https://conda.anaconda.org/conda-forge/noarch/wcwidth-0.2.13-pyhd8ed1ab_0.conda#68f0738df502a14213624b288c60c9ad
https://conda.anaconda.org/conda-forge/linux-64/zeromq-4.3.5-h3b0a872_6.conda#113506c8d2d558e733f5c38f6bf08c50
https://conda.anaconda.org/conda-forge/noarch/zipp-3.20.2-pyhd8ed1ab_0.conda#4daaed111c05672ae669f7036ee5bba3
https://conda.anaconda.org/conda-forge/noarch/asttokens-2.4.1-pyhd8ed1ab_0.conda#5f25798dcefd8252ce5f9dc494d5f571
https://conda.anaconda.org/conda-forge/noarch/comm-0.2.2-pyhd8ed1ab_0.conda#948d84721b578d426294e17a02e24cbb
https://conda.anaconda.org/conda-forge/linux-64/fonttools-4.54.1-py313h8060acc_1.conda#e96f04a89aa3b833b00793212f753719
https://conda.anaconda.org/conda-forge/linux-64/gsl-2.7-he838d99_0.tar.bz2#fec079ba39c9cca093bf4c00001825de
https://conda.anaconda.org/conda-forge/noarch/importlib-metadata-8.5.0-pyha770c72_0.conda#54198435fce4d64d8a89af22573012a8
https://conda.anaconda.org/conda-forge/noarch/jedi-0.19.1-pyhd8ed1ab_0.conda#81a3be0b2023e1ea8555781f0ad904a2
https://conda.anaconda.org/conda-forge/noarch/jinja2-3.1.4-pyhd8ed1ab_0.conda#7b86ecb7d3557821c649b3c31e3eb9f2
https://conda.anaconda.org/conda-forge/noarch/jupyter_core-5.7.2-pyh31011fe_1.conda#0a2980dada0dd7fd0998f0342308b1b1
https://conda.anaconda.org/conda-forge/noarch/matplotlib-inline-0.1.7-pyhd8ed1ab_0.conda#779345c95648be40d22aaa89de7d4254
https://conda.anaconda.org/conda-forge/linux-64/numpy-2.1.3-py313h4bf6692_0.conda#17bcf851cceab793dad11ab8089d4bc4
https://conda.anaconda.org/conda-forge/noarch/pexpect-4.9.0-pyhd8ed1ab_0.conda#629f3203c99b32e0988910c93e77f3b6
https://conda.anaconda.org/conda-forge/linux-64/pillow-11.0.0-py313h2d7ed13_0.conda#0d95e1cda6bf9ce501e751c02561204e
https://conda.anaconda.org/conda-forge/noarch/prompt-toolkit-3.0.48-pyha770c72_0.conda#4c05134c48b6a74f33bbb9938e4a115e
https://conda.anaconda.org/conda-forge/noarch/python-dateutil-2.9.0-pyhd8ed1ab_0.conda#2cf4264fffb9e6eff6031c5b6884d61c
https://conda.anaconda.org/conda-forge/linux-64/pyzmq-26.2.0-py313h8e95178_3.conda#8ab50c9c9c3824ac0ffac9e9dcf5619e
https://conda.anaconda.org/conda-forge/noarch/werkzeug-3.1.2-pyhd8ed1ab_0.conda#29ec2be8a3baeb8d0b6f787a5dbf5cee
https://conda.anaconda.org/conda-forge/linux-64/contourpy-1.3.0-py313h33d0bda_2.conda#0a932cd77d05efea3e8e201617d5d120
https://conda.anaconda.org/conda-forge/noarch/flask-3.0.3-pyhd8ed1ab_0.conda#dcdb937144fa20d7757bf512db1ea769
https://conda.anaconda.org/conda-forge/noarch/jupyter_client-8.6.3-pyhd8ed1ab_0.conda#a14218cfb29662b4a19ceb04e93e298e
https://conda.anaconda.org/conda-forge/linux-64/pandas-2.2.3-py313ha87cce1_1.conda#c5d63dd501db554b84a30dea33824164
https://conda.anaconda.org/conda-forge/linux-64/plumed-2.9.2-nompi_hda5c677_100.conda#fa44f1d98f95db4c4ecba334eeb220d9
https://conda.anaconda.org/conda-forge/linux-64/scipy-1.14.1-py313h27c5614_1.conda#c5c52b95724a6d4adb72499912eea085
https://conda.anaconda.org/conda-forge/noarch/stack_data-0.6.2-pyhd8ed1ab_0.conda#e7df0fdd404616638df5ece6e69ba7af
https://conda.anaconda.org/conda-forge/noarch/ipython-8.29.0-pyh707e725_0.conda#56db21d7d51410fcfbfeca3d1a6b4269
https://conda.anaconda.org/conda-forge/linux-64/matplotlib-base-3.9.2-py313h129903b_1.conda#0cf4139fb408c867120be71dd57ef7cf
https://conda.anaconda.org/conda-forge/linux-64/py-plumed-2.9.2-py313h536fd9c_1.conda#d2f740dbf8e417498a20a77a111c9cf5
https://conda.anaconda.org/conda-forge/noarch/ase-3.23.0-pyhd8ed1ab_0.conda#37589866dd5875fcd7c50e4742973a2e
https://conda.anaconda.org/conda-forge/noarch/ipykernel-6.29.5-pyh3099207_0.conda#b40131ab6a36ac2c09b7c57d4d3fbf99
